
Microsoft Visual Studio Solution File, Format Version 11.00
# Visual Studio 2010
Project("{FAE04EC0-301F-11D3-BF4B-00C04F79EFBC}") = "Assembly-CSharp", "Assembly-CSharp.csproj", "{362E30B1-E164-7824-D02B-11FF4A628187}"
EndProject
Project("{FAE04EC0-301F-11D3-BF4B-00C04F79EFBC}") = "Assembly-CSharp-firstpass", "Assembly-CSharp-firstpass.csproj", "{90B29185-CD66-9D05-84BE-A74B8F36191F}"
EndProject
Project("{FAE04EC0-301F-11D3-BF4B-00C04F79EFBC}") = "Assembly-CSharp-Editor", "Assembly-CSharp-Editor.csproj", "{14EB309B-33DC-8854-B4A0-0B1EEB559C3B}"
EndProject
Global
	GlobalSection(SolutionConfigurationPlatforms) = preSolution
		Debug|Any CPU = Debug|Any CPU
		Release|Any CPU = Release|Any CPU
	EndGlobalSection
	GlobalSection(ProjectConfigurationPlatforms) = postSolution
		{362E30B1-E164-7824-D02B-11FF4A628187}.Debug|Any CPU.ActiveCfg = Debug|Any CPU
		{362E30B1-E164-7824-D02B-11FF4A628187}.Debug|Any CPU.Build.0 = Debug|Any CPU
		{362E30B1-E164-7824-D02B-11FF4A628187}.Release|Any CPU.ActiveCfg = Release|Any CPU
		{362E30B1-E164-7824-D02B-11FF4A628187}.Release|Any CPU.Build.0 = Release|Any CPU
		{90B29185-CD66-9D05-84BE-A74B8F36191F}.Debug|Any CPU.ActiveCfg = Debug|Any CPU
		{90B29185-CD66-9D05-84BE-A74B8F36191F}.Debug|Any CPU.Build.0 = Debug|Any CPU
		{90B29185-CD66-9D05-84BE-A74B8F36191F}.Release|Any CPU.ActiveCfg = Release|Any CPU
		{90B29185-CD66-9D05-84BE-A74B8F36191F}.Release|Any CPU.Build.0 = Release|Any CPU
		{14EB309B-33DC-8854-B4A0-0B1EEB559C3B}.Debug|Any CPU.ActiveCfg = Debug|Any CPU
		{14EB309B-33DC-8854-B4A0-0B1EEB559C3B}.Debug|Any CPU.Build.0 = Debug|Any CPU
		{14EB309B-33DC-8854-B4A0-0B1EEB559C3B}.Release|Any CPU.ActiveCfg = Release|Any CPU
		{14EB309B-33DC-8854-B4A0-0B1EEB559C3B}.Release|Any CPU.Build.0 = Release|Any CPU
	EndGlobalSection
	GlobalSection(SolutionProperties) = preSolution
		HideSolutionNode = FALSE
	EndGlobalSection
EndGlobal
